
Microsoft Visual Studio Solution File, Format Version 12.00
# Visual Studio Version 16
VisualStudioVersion = 16.0.29613.14
MinimumVisualStudioVersion = 10.0.40219.1
Project("{F184B08F-C81C-45F6-A57F-5ABD9991F28F}") = "WebApplication1", "WebApplication1\WebApplication1.vbproj", "{48D4A750-643E-4743-939C-A7DE43AFF944}"
EndProject
Project("{F184B08F-C81C-45F6-A57F-5ABD9991F28F}") = "WebApplication1.Tests", "WebApplication1.Tests\WebApplication1.Tests.vbproj", "{86E8948C-2529-4B25-8446-AEE4FC5B044C}"
EndProject
Global
	GlobalSection(SolutionConfigurationPlatforms) = preSolution
		Debug|Any CPU = Debug|Any CPU
		Release|Any CPU = Release|Any CPU
	EndGlobalSection
	GlobalSection(ProjectConfigurationPlatforms) = postSolution
		{48D4A750-643E-4743-939C-A7DE43AFF944}.Debug|Any CPU.ActiveCfg = Debug|Any CPU
		{48D4A750-643E-4743-939C-A7DE43AFF944}.Debug|Any CPU.Build.0 = Debug|Any CPU
		{48D4A750-643E-4743-939C-A7DE43AFF944}.Release|Any CPU.ActiveCfg = Release|Any CPU
		{48D4A750-643E-4743-939C-A7DE43AFF944}.Release|Any CPU.Build.0 = Release|Any CPU
		{86E8948C-2529-4B25-8446-AEE4FC5B044C}.Debug|Any CPU.ActiveCfg = Debug|Any CPU
		{86E8948C-2529-4B25-8446-AEE4FC5B044C}.Debug|Any CPU.Build.0 = Debug|Any CPU
		{86E8948C-2529-4B25-8446-AEE4FC5B044C}.Release|Any CPU.ActiveCfg = Release|Any CPU
		{86E8948C-2529-4B25-8446-AEE4FC5B044C}.Release|Any CPU.Build.0 = Release|Any CPU
	EndGlobalSection
	GlobalSection(SolutionProperties) = preSolution
		HideSolutionNode = FALSE
	EndGlobalSection
	GlobalSection(ExtensibilityGlobals) = postSolution
		SolutionGuid = {D3217A27-2708-477E-87F9-145C6EF1CD7D}
	EndGlobalSection
EndGlobal
